
Microsoft Visual Studio Solution File, Format Version 12.00
# Visual Studio Version 16
VisualStudioVersion = 16.0.30104.148
MinimumVisualStudioVersion = 10.0.40219.1
Project("{FAE04EC0-301F-11D3-BF4B-00C04F79EFBC}") = "StockportGovUK.NetStandard.Extensions", "StockportGovUK.NetStandard.Extensions.csproj", "{DB0D48E2-3174-4C46-884A-9EA9A052D287}"
EndProject
Global
	GlobalSection(SolutionConfigurationPlatforms) = preSolution
		Debug|Any CPU = Debug|Any CPU
		Release|Any CPU = Release|Any CPU
	EndGlobalSection
	GlobalSection(ProjectConfigurationPlatforms) = postSolution
		{DB0D48E2-3174-4C46-884A-9EA9A052D287}.Debug|Any CPU.ActiveCfg = Debug|Any CPU
		{DB0D48E2-3174-4C46-884A-9EA9A052D287}.Debug|Any CPU.Build.0 = Debug|Any CPU
		{DB0D48E2-3174-4C46-884A-9EA9A052D287}.Release|Any CPU.ActiveCfg = Release|Any CPU
		{DB0D48E2-3174-4C46-884A-9EA9A052D287}.Release|Any CPU.Build.0 = Release|Any CPU
	EndGlobalSection
	GlobalSection(SolutionProperties) = preSolution
		HideSolutionNode = FALSE
	EndGlobalSection
	GlobalSection(ExtensibilityGlobals) = postSolution
		SolutionGuid = {49B282A1-4F5C-4795-A895-E0A0E322D10B}
	EndGlobalSection
EndGlobal
