
Microsoft Visual Studio Solution File, Format Version 12.00
# Visual Studio Version 16
VisualStudioVersion = 16.0.30104.148
MinimumVisualStudioVersion = 10.0.40219.1
Project("{9A19103F-16F7-4668-BE54-9A1E7A4F7556}") = "UnitTests", "UnitTests\UnitTests.csproj", "{9F6E3A4C-E07F-480B-B350-263B54CECC4C}"
EndProject
Project("{9A19103F-16F7-4668-BE54-9A1E7A4F7556}") = "StockportGovUK.NetStandard.Extensions", "src\StockportGovUK.NetStandard.Extensions.csproj", "{DCEFE64A-10C9-42B7-9476-22296CACA34F}"
EndProject
Global
	GlobalSection(SolutionConfigurationPlatforms) = preSolution
		Debug|Any CPU = Debug|Any CPU
		Release|Any CPU = Release|Any CPU
	EndGlobalSection
	GlobalSection(ProjectConfigurationPlatforms) = postSolution
		{9F6E3A4C-E07F-480B-B350-263B54CECC4C}.Debug|Any CPU.ActiveCfg = Debug|Any CPU
		{9F6E3A4C-E07F-480B-B350-263B54CECC4C}.Debug|Any CPU.Build.0 = Debug|Any CPU
		{9F6E3A4C-E07F-480B-B350-263B54CECC4C}.Release|Any CPU.ActiveCfg = Release|Any CPU
		{9F6E3A4C-E07F-480B-B350-263B54CECC4C}.Release|Any CPU.Build.0 = Release|Any CPU
		{DCEFE64A-10C9-42B7-9476-22296CACA34F}.Debug|Any CPU.ActiveCfg = Debug|Any CPU
		{DCEFE64A-10C9-42B7-9476-22296CACA34F}.Debug|Any CPU.Build.0 = Debug|Any CPU
		{DCEFE64A-10C9-42B7-9476-22296CACA34F}.Release|Any CPU.ActiveCfg = Release|Any CPU
		{DCEFE64A-10C9-42B7-9476-22296CACA34F}.Release|Any CPU.Build.0 = Release|Any CPU
	EndGlobalSection
	GlobalSection(SolutionProperties) = preSolution
		HideSolutionNode = FALSE
	EndGlobalSection
	GlobalSection(ExtensibilityGlobals) = postSolution
		SolutionGuid = {49B282A1-4F5C-4795-A895-E0A0E322D10B}
	EndGlobalSection
EndGlobal
